
Microsoft Visual Studio Solution File, Format Version 12.00
# Visual Studio 15
VisualStudioVersion = 15.0.28010.2026
MinimumVisualStudioVersion = 10.0.40219.1
Project("{FAE04EC0-301F-11D3-BF4B-00C04F79EFBC}") = "GoodeeProject", "GoodeeProject\GoodeeProject.csproj", "{850F3534-73A4-4CD6-B501-52F78CE22B1F}"
EndProject
Project("{840C416C-B8F3-42BC-B0DD-F6BB14C9F8CB}") = "AI Setup Project1", "AI Setup Project1\AI Setup Project1.aiproj", "{6CFAC446-F5D8-44AF-BF56-0B4758691296}"
EndProject
Global
	GlobalSection(SolutionConfigurationPlatforms) = preSolution
		All|Any CPU = All|Any CPU
		Debug|Any CPU = Debug|Any CPU
		Release|Any CPU = Release|Any CPU
	EndGlobalSection
	GlobalSection(ProjectConfigurationPlatforms) = postSolution
		{850F3534-73A4-4CD6-B501-52F78CE22B1F}.All|Any CPU.ActiveCfg = Release|Any CPU
		{850F3534-73A4-4CD6-B501-52F78CE22B1F}.All|Any CPU.Build.0 = Release|Any CPU
		{850F3534-73A4-4CD6-B501-52F78CE22B1F}.Debug|Any CPU.ActiveCfg = Debug|Any CPU
		{850F3534-73A4-4CD6-B501-52F78CE22B1F}.Debug|Any CPU.Build.0 = Debug|Any CPU
		{850F3534-73A4-4CD6-B501-52F78CE22B1F}.Release|Any CPU.ActiveCfg = Release|Any CPU
		{850F3534-73A4-4CD6-B501-52F78CE22B1F}.Release|Any CPU.Build.0 = Release|Any CPU
		{6CFAC446-F5D8-44AF-BF56-0B4758691296}.All|Any CPU.ActiveCfg = DefaultBuild
		{6CFAC446-F5D8-44AF-BF56-0B4758691296}.All|Any CPU.Build.0 = DefaultBuild
		{6CFAC446-F5D8-44AF-BF56-0B4758691296}.Debug|Any CPU.ActiveCfg = DefaultBuild
		{6CFAC446-F5D8-44AF-BF56-0B4758691296}.Debug|Any CPU.Build.0 = DefaultBuild
		{6CFAC446-F5D8-44AF-BF56-0B4758691296}.Release|Any CPU.ActiveCfg = DefaultBuild
		{6CFAC446-F5D8-44AF-BF56-0B4758691296}.Release|Any CPU.Build.0 = DefaultBuild
	EndGlobalSection
	GlobalSection(SolutionProperties) = preSolution
		HideSolutionNode = FALSE
	EndGlobalSection
	GlobalSection(ExtensibilityGlobals) = postSolution
		SolutionGuid = {B601F87C-45A9-4F28-90AE-3953ADF93BF3}
	EndGlobalSection
EndGlobal
